// !$*UTF8*$!
{
	archiveVersion = 1;
	classes = {
	};
	objectVersion = 46;
	objects = {

/* Begin PBXBuildFile section */
		2FAC06861ACCC61B00AF18FB /* hihat-808.wav in Resources */ = {isa = PBXBuildFile; fileRef = 2FAC06831ACCC61B00AF18FB /* hihat-808.wav */; };
		2FAC06871ACCC61B00AF18FB /* kick-808.wav in Resources */ = {isa = PBXBuildFile; fileRef = 2FAC06841ACCC61B00AF18FB /* kick-808.wav */; };
		2FAC06881ACCC61B00AF18FB /* snare-808.wav in Resources */ = {isa = PBXBuildFile; fileRef = 2FAC06851ACCC61B00AF18FB /* snare-808.wav */; };
		2FAC068A1ACCC63400AF18FB /* crash-808.wav in Resources */ = {isa = PBXBuildFile; fileRef = 2FAC06891ACCC63400AF18FB /* crash-808.wav */; };
		2FB285271ACA53FD00D6BCE3 /* AppDelegate.swift in Sources */ = {isa = PBXBuildFile; fileRef = 2FB285261ACA53FD00D6BCE3 /* AppDelegate.swift */; };
		2FB285291ACA53FD00D6BCE3 /* ViewController.swift in Sources */ = {isa = PBXBuildFile; fileRef = 2FB285281ACA53FD00D6BCE3 /* ViewController.swift */; };
		2FB2852C1ACA53FD00D6BCE3 /* Main.storyboard in Resources */ = {isa = PBXBuildFile; fileRef = 2FB2852A1ACA53FD00D6BCE3 /* Main.storyboard */; };
		2FB2852E1ACA53FD00D6BCE3 /* Images.xcassets in Resources */ = {isa = PBXBuildFile; fileRef = 2FB2852D1ACA53FD00D6BCE3 /* Images.xcassets */; };
		2FB2853D1ACA53FD00D6BCE3 /* SequencerTests.swift in Sources */ = {isa = PBXBuildFile; fileRef = 2FB2853C1ACA53FD00D6BCE3 /* SequencerTests.swift */; };
		2FB2854D1ACA731D00D6BCE3 /* CheckBox.swift in Sources */ = {isa = PBXBuildFile; fileRef = 2FB2854C1ACA731D00D6BCE3 /* CheckBox.swift */; };
/* End PBXBuildFile section */

/* Begin PBXContainerItemProxy section */
		2FB285371ACA53FD00D6BCE3 /* PBXContainerItemProxy */ = {
			isa = PBXContainerItemProxy;
			containerPortal = 2FB285191ACA53FD00D6BCE3 /* Project object */;
			proxyType = 1;
			remoteGlobalIDString = 2FB285201ACA53FD00D6BCE3;
			remoteInfo = Sequencer;
		};
/* End PBXContainerItemProxy section */

/* Begin PBXFileReference section */
		2FAC06831ACCC61B00AF18FB /* hihat-808.wav */ = {isa = PBXFileReference; lastKnownFileType = audio.wav; path = "hihat-808.wav"; sourceTree = "<group>"; };
		2FAC06841ACCC61B00AF18FB /* kick-808.wav */ = {isa = PBXFileReference; lastKnownFileType = audio.wav; path = "kick-808.wav"; sourceTree = "<group>"; };
		2FAC06851ACCC61B00AF18FB /* snare-808.wav */ = {isa = PBXFileReference; lastKnownFileType = audio.wav; path = "snare-808.wav"; sourceTree = "<group>"; };
		2FAC06891ACCC63400AF18FB /* crash-808.wav */ = {isa = PBXFileReference; lastKnownFileType = audio.wav; path = "crash-808.wav"; sourceTree = "<group>"; };
		2FB285211ACA53FD00D6BCE3 /* Sequencer.app */ = {isa = PBXFileReference; explicitFileType = wrapper.application; includeInIndex = 0; path = Sequencer.app; sourceTree = BUILT_PRODUCTS_DIR; };
		2FB285251ACA53FD00D6BCE3 /* Info.plist */ = {isa = PBXFileReference; lastKnownFileType = text.plist.xml; path = Info.plist; sourceTree = "<group>"; };
		2FB285261ACA53FD00D6BCE3 /* AppDelegate.swift */ = {isa = PBXFileReference; lastKnownFileType = sourcecode.swift; path = AppDelegate.swift; sourceTree = "<group>"; };
		2FB285281ACA53FD00D6BCE3 /* ViewController.swift */ = {isa = PBXFileReference; lastKnownFileType = sourcecode.swift; path = ViewController.swift; sourceTree = "<group>"; };
		2FB2852B1ACA53FD00D6BCE3 /* Base */ = {isa = PBXFileReference; lastKnownFileType = file.storyboard; name = Base; path = Base.lproj/Main.storyboard; sourceTree = "<group>"; };
		2FB2852D1ACA53FD00D6BCE3 /* Images.xcassets */ = {isa = PBXFileReference; lastKnownFileType = folder.assetcatalog; path = Images.xcassets; sourceTree = "<group>"; };
		2FB285361ACA53FD00D6BCE3 /* SequencerTests.xctest */ = {isa = PBXFileReference; explicitFileType = wrapper.cfbundle; includeInIndex = 0; path = SequencerTests.xctest; sourceTree = BUILT_PRODUCTS_DIR; };
		2FB2853B1ACA53FD00D6BCE3 /* Info.plist */ = {isa = PBXFileReference; lastKnownFileType = text.plist.xml; path = Info.plist; sourceTree = "<group>"; };
		2FB2853C1ACA53FD00D6BCE3 /* SequencerTests.swift */ = {isa = PBXFileReference; lastKnownFileType = sourcecode.swift; path = SequencerTests.swift; sourceTree = "<group>"; };
		2FB2854C1ACA731D00D6BCE3 /* CheckBox.swift */ = {isa = PBXFileReference; fileEncoding = 4; lastKnownFileType = sourcecode.swift; path = CheckBox.swift; sourceTree = "<group>"; };
/* End PBXFileReference section */

/* Begin PBXFrameworksBuildPhase section */
		2FB2851E1ACA53FD00D6BCE3 /* Frameworks */ = {
			isa = PBXFrameworksBuildPhase;
			buildActionMask = 2147483647;
			files = (
			);
			runOnlyForDeploymentPostprocessing = 0;
		};
		2FB285331ACA53FD00D6BCE3 /* Frameworks */ = {
			isa = PBXFrameworksBuildPhase;
			buildActionMask = 2147483647;
			files = (
			);
			runOnlyForDeploymentPostprocessing = 0;
		};
/* End PBXFrameworksBuildPhase section */

/* Begin PBXGroup section */
		2FAC06821ACCC5F500AF18FB /* Sounds */ = {
			isa = PBXGroup;
			children = (
				2FAC06891ACCC63400AF18FB /* crash-808.wav */,
				2FAC06831ACCC61B00AF18FB /* hihat-808.wav */,
				2FAC06841ACCC61B00AF18FB /* kick-808.wav */,
				2FAC06851ACCC61B00AF18FB /* snare-808.wav */,
			);
			name = Sounds;
			sourceTree = "<group>";
		};
		2FB285181ACA53FD00D6BCE3 = {
			isa = PBXGroup;
			children = (
				2FB285231ACA53FD00D6BCE3 /* Sequencer */,
				2FB285391ACA53FD00D6BCE3 /* SequencerTests */,
				2FB285221ACA53FD00D6BCE3 /* Products */,
			);
			sourceTree = "<group>";
		};
		2FB285221ACA53FD00D6BCE3 /* Products */ = {
			isa = PBXGroup;
			children = (
				2FB285211ACA53FD00D6BCE3 /* Sequencer.app */,
				2FB285361ACA53FD00D6BCE3 /* SequencerTests.xctest */,
			);
			name = Products;
			sourceTree = "<group>";
		};
		2FB285231ACA53FD00D6BCE3 /* Sequencer */ = {
			isa = PBXGroup;
			children = (
				2FAC06821ACCC5F500AF18FB /* Sounds */,
				2FB285261ACA53FD00D6BCE3 /* AppDelegate.swift */,
				2FB285281ACA53FD00D6BCE3 /* ViewController.swift */,
				2FB2854C1ACA731D00D6BCE3 /* CheckBox.swift */,
				2FB2852A1ACA53FD00D6BCE3 /* Main.storyboard */,
				2FB2852D1ACA53FD00D6BCE3 /* Images.xcassets */,
				2FB285241ACA53FD00D6BCE3 /* Supporting Files */,
			);
			path = Sequencer;
			sourceTree = "<group>";
		};
		2FB285241ACA53FD00D6BCE3 /* Supporting Files */ = {
			isa = PBXGroup;
			children = (
				2FB285251ACA53FD00D6BCE3 /* Info.plist */,
			);
			name = "Supporting Files";
			sourceTree = "<group>";
		};
		2FB285391ACA53FD00D6BCE3 /* SequencerTests */ = {
			isa = PBXGroup;
			children = (
				2FB2853C1ACA53FD00D6BCE3 /* SequencerTests.swift */,
				2FB2853A1ACA53FD00D6BCE3 /* Supporting Files */,
			);
			path = SequencerTests;
			sourceTree = "<group>";
		};
		2FB2853A1ACA53FD00D6BCE3 /* Supporting Files */ = {
			isa = PBXGroup;
			children = (
				2FB2853B1ACA53FD00D6BCE3 /* Info.plist */,
			);
			name = "Supporting Files";
			sourceTree = "<group>";
		};
/* End PBXGroup section */

/* Begin PBXNativeTarget section */
		2FB285201ACA53FD00D6BCE3 /* Sequencer */ = {
			isa = PBXNativeTarget;
			buildConfigurationList = 2FB285401ACA53FD00D6BCE3 /* Build configuration list for PBXNativeTarget "Sequencer" */;
			buildPhases = (
				2FB2851D1ACA53FD00D6BCE3 /* Sources */,
				2FB2851E1ACA53FD00D6BCE3 /* Frameworks */,
				2FB2851F1ACA53FD00D6BCE3 /* Resources */,
			);
			buildRules = (
			);
			dependencies = (
			);
			name = Sequencer;
			productName = Sequencer;
			productReference = 2FB285211ACA53FD00D6BCE3 /* Sequencer.app */;
			productType = "com.apple.product-type.application";
		};
		2FB285351ACA53FD00D6BCE3 /* SequencerTests */ = {
			isa = PBXNativeTarget;
			buildConfigurationList = 2FB285431ACA53FD00D6BCE3 /* Build configuration list for PBXNativeTarget "SequencerTests" */;
			buildPhases = (
				2FB285321ACA53FD00D6BCE3 /* Sources */,
				2FB285331ACA53FD00D6BCE3 /* Frameworks */,
				2FB285341ACA53FD00D6BCE3 /* Resources */,
			);
			buildRules = (
			);
			dependencies = (
				2FB285381ACA53FD00D6BCE3 /* PBXTargetDependency */,
			);
			name = SequencerTests;
			productName = SequencerTests;
			productReference = 2FB285361ACA53FD00D6BCE3 /* SequencerTests.xctest */;
			productType = "com.apple.product-type.bundle.unit-test";
		};
/* End PBXNativeTarget section */

/* Begin PBXProject section */
		2FB285191ACA53FD00D6BCE3 /* Project object */ = {
			isa = PBXProject;
			attributes = {
				LastUpgradeCheck = 0620;
				ORGANIZATIONNAME = "Christina Ramos";
				TargetAttributes = {
					2FB285201ACA53FD00D6BCE3 = {
						CreatedOnToolsVersion = 6.2;
					};
					2FB285351ACA53FD00D6BCE3 = {
						CreatedOnToolsVersion = 6.2;
						TestTargetID = 2FB285201ACA53FD00D6BCE3;
					};
				};
			};
			buildConfigurationList = 2FB2851C1ACA53FD00D6BCE3 /* Build configuration list for PBXProject "Sequencer" */;
			compatibilityVersion = "Xcode 3.2";
			developmentRegion = English;
			hasScannedForEncodings = 0;
			knownRegions = (
				en,
				Base,
			);
			mainGroup = 2FB285181ACA53FD00D6BCE3;
			productRefGroup = 2FB285221ACA53FD00D6BCE3 /* Products */;
			projectDirPath = "";
			projectRoot = "";
			targets = (
				2FB285201ACA53FD00D6BCE3 /* Sequencer */,
				2FB285351ACA53FD00D6BCE3 /* SequencerTests */,
			);
		};
/* End PBXProject section */

/* Begin PBXResourcesBuildPhase section */
		2FB2851F1ACA53FD00D6BCE3 /* Resources */ = {
			isa = PBXResourcesBuildPhase;
			buildActionMask = 2147483647;
			files = (
				2FAC06861ACCC61B00AF18FB /* hihat-808.wav in Resources */,
				2FB2852C1ACA53FD00D6BCE3 /* Main.storyboard in Resources */,
				2FB2852E1ACA53FD00D6BCE3 /* Images.xcassets in Resources */,
				2FAC06881ACCC61B00AF18FB /* snare-808.wav in Resources */,
				2FAC06871ACCC61B00AF18FB /* kick-808.wav in Resources */,
				2FAC068A1ACCC63400AF18FB /* crash-808.wav in Resources */,
			);
			runOnlyForDeploymentPostprocessing = 0;
		};
		2FB285341ACA53FD00D6BCE3 /* Resources */ = {
			isa = PBXResourcesBuildPhase;
			buildActionMask = 2147483647;
			files = (
			);
			runOnlyForDeploymentPostprocessing = 0;
		};
/* End PBXResourcesBuildPhase section */

/* Begin PBXSourcesBuildPhase section */
		2FB2851D1ACA53FD00D6BCE3 /* Sources */ = {
			isa = PBXSourcesBuildPhase;
			buildActionMask = 2147483647;
			files = (
				2FB285291ACA53FD00D6BCE3 /* ViewController.swift in Sources */,
				2FB285271ACA53FD00D6BCE3 /* AppDelegate.swift in Sources */,
				2FB2854D1ACA731D00D6BCE3 /* CheckBox.swift in Sources */,
			);
			runOnlyForDeploymentPostprocessing = 0;
		};
		2FB285321ACA53FD00D6BCE3 /* Sources */ = {
			isa = PBXSourcesBuildPhase;
			buildActionMask = 2147483647;
			files = (
				2FB2853D1ACA53FD00D6BCE3 /* SequencerTests.swift in Sources */,
			);
			runOnlyForDeploymentPostprocessing = 0;
		};
/* End PBXSourcesBuildPhase section */

/* Begin PBXTargetDependency section */
		2FB285381ACA53FD00D6BCE3 /* PBXTargetDependency */ = {
			isa = PBXTargetDependency;
			target = 2FB285201ACA53FD00D6BCE3 /* Sequencer */;
			targetProxy = 2FB285371ACA53FD00D6BCE3 /* PBXContainerItemProxy */;
		};
/* End PBXTargetDependency section */

/* Begin PBXVariantGroup section */
		2FB2852A1ACA53FD00D6BCE3 /* Main.storyboard */ = {
			isa = PBXVariantGroup;
			children = (
				2FB2852B1ACA53FD00D6BCE3 /* Base */,
			);
			name = Main.storyboard;
			sourceTree = "<group>";
		};
/* End PBXVariantGroup section */

/* Begin XCBuildConfiguration section */
		2FB2853E1ACA53FD00D6BCE3 /* Debug */ = {
			isa = XCBuildConfiguration;
			buildSettings = {
				ALWAYS_SEARCH_USER_PATHS = NO;
				CLANG_CXX_LANGUAGE_STANDARD = "gnu++0x";
				CLANG_CXX_LIBRARY = "libc++";
				CLANG_ENABLE_MODULES = YES;
				CLANG_ENABLE_OBJC_ARC = YES;
				CLANG_WARN_BOOL_CONVERSION = YES;
				CLANG_WARN_CONSTANT_CONVERSION = YES;
				CLANG_WARN_DIRECT_OBJC_ISA_USAGE = YES_ERROR;
				CLANG_WARN_EMPTY_BODY = YES;
				CLANG_WARN_ENUM_CONVERSION = YES;
				CLANG_WARN_INT_CONVERSION = YES;
				CLANG_WARN_OBJC_ROOT_CLASS = YES_ERROR;
				CLANG_WARN_UNREACHABLE_CODE = YES;
				CLANG_WARN__DUPLICATE_METHOD_MATCH = YES;
				"CODE_SIGN_IDENTITY[sdk=iphoneos*]" = "iPhone Developer";
				COPY_PHASE_STRIP = NO;
				ENABLE_STRICT_OBJC_MSGSEND = YES;
				GCC_C_LANGUAGE_STANDARD = gnu99;
				GCC_DYNAMIC_NO_PIC = NO;
				GCC_OPTIMIZATION_LEVEL = 0;
				GCC_PREPROCESSOR_DEFINITIONS = (
					"DEBUG=1",
					"$(inherited)",
				);
				GCC_SYMBOLS_PRIVATE_EXTERN = NO;
				GCC_WARN_64_TO_32_BIT_CONVERSION = YES;
				GCC_WARN_ABOUT_RETURN_TYPE = YES_ERROR;
				GCC_WARN_UNDECLARED_SELECTOR = YES;
				GCC_WARN_UNINITIALIZED_AUTOS = YES_AGGRESSIVE;
				GCC_WARN_UNUSED_FUNCTION = YES;
				GCC_WARN_UNUSED_VARIABLE = YES;
				IPHONEOS_DEPLOYMENT_TARGET = 8.2;
				MTL_ENABLE_DEBUG_INFO = YES;
				ONLY_ACTIVE_ARCH = YES;
				SDKROOT = iphoneos;
				SWIFT_OPTIMIZATION_LEVEL = "-Onone";
				TARGETED_DEVICE_FAMILY = "1,2";
			};
			name = Debug;
		};
		2FB2853F1ACA53FD00D6BCE3 /* Release */ = {
			isa = XCBuildConfiguration;
			buildSettings = {
				ALWAYS_SEARCH_USER_PATHS = NO;
				CLANG_CXX_LANGUAGE_STANDARD = "gnu++0x";
				CLANG_CXX_LIBRARY = "libc++";
				CLANG_ENABLE_MODULES = YES;
				CLANG_ENABLE_OBJC_ARC = YES;
				CLANG_WARN_BOOL_CONVERSION = YES;
				CLANG_WARN_CONSTANT_CONVERSION = YES;
				CLANG_WARN_DIRECT_OBJC_ISA_USAGE = YES_ERROR;
				CLANG_WARN_EMPTY_BODY = YES;
				CLANG_WARN_ENUM_CONVERSION = YES;
				CLANG_WARN_INT_CONVERSION = YES;
				CLANG_WARN_OBJC_ROOT_CLASS = YES_ERROR;
				CLANG_WARN_UNREACHABLE_CODE = YES;
				CLANG_WARN__DUPLICATE_METHOD_MATCH = YES;
				"CODE_SIGN_IDENTITY[sdk=iphoneos*]" = "iPhone Developer";
				COPY_PHASE_STRIP = NO;
				ENABLE_NS_ASSERTIONS = NO;
				ENABLE_STRICT_OBJC_MSGSEND = YES;
				GCC_C_LANGUAGE_STANDARD = gnu99;
				GCC_WARN_64_TO_32_BIT_CONVERSION = YES;
				GCC_WARN_ABOUT_RETURN_TYPE = YES_ERROR;
				GCC_WARN_UNDECLARED_SELECTOR = YES;
				GCC_WARN_UNINITIALIZED_AUTOS = YES_AGGRESSIVE;
				GCC_WARN_UNUSED_FUNCTION = YES;
				GCC_WARN_UNUSED_VARIABLE = YES;
				IPHONEOS_DEPLOYMENT_TARGET = 8.2;
				MTL_ENABLE_DEBUG_INFO = NO;
				SDKROOT = iphoneos;
				TARGETED_DEVICE_FAMILY = "1,2";
				VALIDATE_PRODUCT = YES;
			};
			name = Release;
		};
		2FB285411ACA53FD00D6BCE3 /* Debug */ = {
			isa = XCBuildConfiguration;
			buildSettings = {
				ASSETCATALOG_COMPILER_APPICON_NAME = AppIcon;
				INFOPLIST_FILE = Sequencer/Info.plist;
				LD_RUNPATH_SEARCH_PATHS = "$(inherited) @executable_path/Frameworks";
				PRODUCT_NAME = "$(TARGET_NAME)";
			};
			name = Debug;
		};
		2FB285421ACA53FD00D6BCE3 /* Release */ = {
			isa = XCBuildConfiguration;
			buildSettings = {
				ASSETCATALOG_COMPILER_APPICON_NAME = AppIcon;
				INFOPLIST_FILE = Sequencer/Info.plist;
				LD_RUNPATH_SEARCH_PATHS = "$(inherited) @executable_path/Frameworks";
				PRODUCT_NAME = "$(TARGET_NAME)";
			};
			name = Release;
		};
		2FB285441ACA53FD00D6BCE3 /* Debug */ = {
			isa = XCBuildConfiguration;
			buildSettings = {
				BUNDLE_LOADER = "$(TEST_HOST)";
				FRAMEWORK_SEARCH_PATHS = (
					"$(SDKROOT)/Developer/Library/Frameworks",
					"$(inherited)",
				);
				GCC_PREPROCESSOR_DEFINITIONS = (
					"DEBUG=1",
					"$(inherited)",
				);
				INFOPLIST_FILE = SequencerTests/Info.plist;
				LD_RUNPATH_SEARCH_PATHS = "$(inherited) @executable_path/Frameworks @loader_path/Frameworks";
				PRODUCT_NAME = "$(TARGET_NAME)";
				TEST_HOST = "$(BUILT_PRODUCTS_DIR)/Sequencer.app/Sequencer";
			};
			name = Debug;
		};
		2FB285451ACA53FD00D6BCE3 /* Release */ = {
			isa = XCBuildConfiguration;
			buildSettings = {
				BUNDLE_LOADER = "$(TEST_HOST)";
				FRAMEWORK_SEARCH_PATHS = (
					"$(SDKROOT)/Developer/Library/Frameworks",
					"$(inherited)",
				);
				INFOPLIST_FILE = SequencerTests/Info.plist;
				LD_RUNPATH_SEARCH_PATHS = "$(inherited) @executable_path/Frameworks @loader_path/Frameworks";
				PRODUCT_NAME = "$(TARGET_NAME)";
				TEST_HOST = "$(BUILT_PRODUCTS_DIR)/Sequencer.app/Sequencer";
			};
			name = Release;
		};
/* End XCBuildConfiguration section */

/* Begin XCConfigurationList section */
		2FB2851C1ACA53FD00D6BCE3 /* Build configuration list for PBXProject "Sequencer" */ = {
			isa = XCConfigurationList;
			buildConfigurations = (
				2FB2853E1ACA53FD00D6BCE3 /* Debug */,
				2FB2853F1ACA53FD00D6BCE3 /* Release */,
			);
			defaultConfigurationIsVisible = 0;
			defaultConfigurationName = Release;
		};
		2FB285401ACA53FD00D6BCE3 /* Build configuration list for PBXNativeTarget "Sequencer" */ = {
			isa = XCConfigurationList;
			buildConfigurations = (
				2FB285411ACA53FD00D6BCE3 /* Debug */,
				2FB285421ACA53FD00D6BCE3 /* Release */,
			);
			defaultConfigurationIsVisible = 0;
			defaultConfigurationName = Release;
		};
		2FB285431ACA53FD00D6BCE3 /* Build configuration list for PBXNativeTarget "SequencerTests" */ = {
			isa = XCConfigurationList;
			buildConfigurations = (
				2FB285441ACA53FD00D6BCE3 /* Debug */,
				2FB285451ACA53FD00D6BCE3 /* Release */,
			);
			defaultConfigurationIsVisible = 0;
			defaultConfigurationName = Release;
		};
/* End XCConfigurationList section */
	};
	rootObject = 2FB285191ACA53FD00D6BCE3 /* Project object */;
}
